
Microsoft Visual Studio Solution File, Format Version 12.00
# Visual Studio Version 16
VisualStudioVersion = 16.0.31515.178
MinimumVisualStudioVersion = 10.0.40219.1
Project("{888888A0-9F3D-457C-B088-3A5042F75D52}") = "HBaethgePY5_7", "HBaethgePY5_7.pyproj", "{F377D7E4-1780-4107-9DC6-91A79FBAFB92}"
EndProject
Global
	GlobalSection(SolutionConfigurationPlatforms) = preSolution
		Debug|Any CPU = Debug|Any CPU
		Release|Any CPU = Release|Any CPU
	EndGlobalSection
	GlobalSection(ProjectConfigurationPlatforms) = postSolution
		{F377D7E4-1780-4107-9DC6-91A79FBAFB92}.Debug|Any CPU.ActiveCfg = Debug|Any CPU
		{F377D7E4-1780-4107-9DC6-91A79FBAFB92}.Release|Any CPU.ActiveCfg = Release|Any CPU
	EndGlobalSection
	GlobalSection(SolutionProperties) = preSolution
		HideSolutionNode = FALSE
	EndGlobalSection
	GlobalSection(ExtensibilityGlobals) = postSolution
		SolutionGuid = {228C8926-1C20-4FD1-98F6-F67DC5A98411}
	EndGlobalSection
EndGlobal
