
Microsoft Visual Studio Solution File, Format Version 12.00
# Visual Studio Version 16
VisualStudioVersion = 16.0.30503.244
MinimumVisualStudioVersion = 10.0.40219.1
Project("{FAE04EC0-301F-11D3-BF4B-00C04F79EFBC}") = "HBaethgeA2_1LL", "HBaethgeA2_1LL.csproj", "{E9FCB86D-1371-43EA-BCCE-F061F3763BA1}"
EndProject
Global
	GlobalSection(SolutionConfigurationPlatforms) = preSolution
		Debug|Any CPU = Debug|Any CPU
		Release|Any CPU = Release|Any CPU
	EndGlobalSection
	GlobalSection(ProjectConfigurationPlatforms) = postSolution
		{E9FCB86D-1371-43EA-BCCE-F061F3763BA1}.Debug|Any CPU.ActiveCfg = Debug|Any CPU
		{E9FCB86D-1371-43EA-BCCE-F061F3763BA1}.Debug|Any CPU.Build.0 = Debug|Any CPU
		{E9FCB86D-1371-43EA-BCCE-F061F3763BA1}.Release|Any CPU.ActiveCfg = Release|Any CPU
		{E9FCB86D-1371-43EA-BCCE-F061F3763BA1}.Release|Any CPU.Build.0 = Release|Any CPU
	EndGlobalSection
	GlobalSection(SolutionProperties) = preSolution
		HideSolutionNode = FALSE
	EndGlobalSection
	GlobalSection(ExtensibilityGlobals) = postSolution
		SolutionGuid = {CB52E7AA-29A2-4913-BE2C-47B50E7B4E29}
	EndGlobalSection
EndGlobal
