
Microsoft Visual Studio Solution File, Format Version 12.00
# Visual Studio Version 16
VisualStudioVersion = 16.0.31515.178
MinimumVisualStudioVersion = 10.0.40219.1
Project("{888888A0-9F3D-457C-B088-3A5042F75D52}") = "HBaethgePY5_4", "HBaethgePY5_4.pyproj", "{B97252B8-8241-42E8-B286-A52711857E0D}"
EndProject
Global
	GlobalSection(SolutionConfigurationPlatforms) = preSolution
		Debug|Any CPU = Debug|Any CPU
		Release|Any CPU = Release|Any CPU
	EndGlobalSection
	GlobalSection(ProjectConfigurationPlatforms) = postSolution
		{B97252B8-8241-42E8-B286-A52711857E0D}.Debug|Any CPU.ActiveCfg = Debug|Any CPU
		{B97252B8-8241-42E8-B286-A52711857E0D}.Release|Any CPU.ActiveCfg = Release|Any CPU
	EndGlobalSection
	GlobalSection(SolutionProperties) = preSolution
		HideSolutionNode = FALSE
	EndGlobalSection
	GlobalSection(ExtensibilityGlobals) = postSolution
		SolutionGuid = {1076185A-C21D-4FC9-AC3E-3D07E91EE4B4}
	EndGlobalSection
EndGlobal
