
Microsoft Visual Studio Solution File, Format Version 12.00
# Visual Studio Version 16
VisualStudioVersion = 16.0.30503.244
MinimumVisualStudioVersion = 10.0.40219.1
Project("{FAE04EC0-301F-11D3-BF4B-00C04F79EFBC}") = "HBaethgeA2_4SS", "HBaethgeA2_4SS.csproj", "{31FD191F-7FF2-4899-9E5A-62A05A98B835}"
EndProject
Global
	GlobalSection(SolutionConfigurationPlatforms) = preSolution
		Debug|Any CPU = Debug|Any CPU
		Release|Any CPU = Release|Any CPU
	EndGlobalSection
	GlobalSection(ProjectConfigurationPlatforms) = postSolution
		{31FD191F-7FF2-4899-9E5A-62A05A98B835}.Debug|Any CPU.ActiveCfg = Debug|Any CPU
		{31FD191F-7FF2-4899-9E5A-62A05A98B835}.Debug|Any CPU.Build.0 = Debug|Any CPU
		{31FD191F-7FF2-4899-9E5A-62A05A98B835}.Release|Any CPU.ActiveCfg = Release|Any CPU
		{31FD191F-7FF2-4899-9E5A-62A05A98B835}.Release|Any CPU.Build.0 = Release|Any CPU
	EndGlobalSection
	GlobalSection(SolutionProperties) = preSolution
		HideSolutionNode = FALSE
	EndGlobalSection
	GlobalSection(ExtensibilityGlobals) = postSolution
		SolutionGuid = {8408DEEC-062C-43B4-9076-47EB06214222}
	EndGlobalSection
EndGlobal
